
Microsoft Visual Studio Solution File, Format Version 12.00
# Visual Studio Version 17
VisualStudioVersion = 17.11.35312.102
MinimumVisualStudioVersion = 10.0.40219.1
Project("{F184B08F-C81C-45F6-A57F-5ABD9991F28F}") = "OPOKA.vb", "OPOKA.vb.vbproj", "{D0A117AD-4CCE-4D79-800F-23E967687E32}"
EndProject
Global
	GlobalSection(SolutionConfigurationPlatforms) = preSolution
		Debug|Any CPU = Debug|Any CPU
		Release|Any CPU = Release|Any CPU
	EndGlobalSection
	GlobalSection(ProjectConfigurationPlatforms) = postSolution
		{D0A117AD-4CCE-4D79-800F-23E967687E32}.Debug|Any CPU.ActiveCfg = Debug|Any CPU
		{D0A117AD-4CCE-4D79-800F-23E967687E32}.Debug|Any CPU.Build.0 = Debug|Any CPU
		{D0A117AD-4CCE-4D79-800F-23E967687E32}.Release|Any CPU.ActiveCfg = Release|Any CPU
		{D0A117AD-4CCE-4D79-800F-23E967687E32}.Release|Any CPU.Build.0 = Release|Any CPU
	EndGlobalSection
	GlobalSection(SolutionProperties) = preSolution
		HideSolutionNode = FALSE
	EndGlobalSection
	GlobalSection(ExtensibilityGlobals) = postSolution
		SolutionGuid = {8EF25F90-6A69-47A9-8ED6-24B5C1AF016B}
	EndGlobalSection
EndGlobal
